PODS:
  - IdleTimer (0.5.0)
  - PubNub (4.5.13):
    - PubNub/Core (= 4.5.13)
  - PubNub/Core (4.5.13)

DEPENDENCIES:
  - IdleTimer
  - PubNub

SPEC CHECKSUMS:
  IdleTimer: 979cdfb7bb08a49fe185d651b7da5e23c978d43d
  PubNub: 53711c37f9bcd8f927f154ca91774910a6b552ed

PODFILE CHECKSUM: 76c3064786ad05f18cbcd1b09666d59b0cbc9dd2

COCOAPODS: 1.2.0.beta.3
