PODS:
  - IdleTimer (0.5.0)
  - PubNub (4.5.12):
    - PubNub/Core (= 4.5.12)
  - PubNub/Core (4.5.12)

DEPENDENCIES:
  - IdleTimer
  - PubNub

SPEC CHECKSUMS:
  IdleTimer: 979cdfb7bb08a49fe185d651b7da5e23c978d43d
  PubNub: d092e632ea13373c56cf877f06ec17853fca324a

PODFILE CHECKSUM: 76c3064786ad05f18cbcd1b09666d59b0cbc9dd2

COCOAPODS: 1.2.0.beta.3
