PODS:
  - IdleTimer (0.8.0)
  - PubNub (4.5.13):
    - PubNub/Core (= 4.5.13)
  - PubNub/Core (4.5.13)

DEPENDENCIES:
  - IdleTimer
  - PubNub

SPEC CHECKSUMS:
  IdleTimer: e38c59b6b7dca0d000901dfccbe0be7906e09b60
  PubNub: 53711c37f9bcd8f927f154ca91774910a6b552ed

PODFILE CHECKSUM: 66259198eb31405e789c383a90c61bb08f691ad5

COCOAPODS: 1.2.0
